
Microsoft Visual Studio Solution File, Format Version 12.00
# Visual Studio Version 17
VisualStudioVersion = 17.3.32922.545
MinimumVisualStudioVersion = 10.0.40219.1
Project("{FAE04EC0-301F-11D3-BF4B-00C04F79EFBC}") = "xadrez-console", "xadrez-console\xadrez-console.csproj", "{D949894E-4A71-4D18-9871-B9407BC32459}"
EndProject
Global
	GlobalSection(SolutionConfigurationPlatforms) = preSolution
		Debug|Any CPU = Debug|Any CPU
		Release|Any CPU = Release|Any CPU
	EndGlobalSection
	GlobalSection(ProjectConfigurationPlatforms) = postSolution
		{D949894E-4A71-4D18-9871-B9407BC32459}.Debug|Any CPU.ActiveCfg = Debug|Any CPU
		{D949894E-4A71-4D18-9871-B9407BC32459}.Debug|Any CPU.Build.0 = Debug|Any CPU
		{D949894E-4A71-4D18-9871-B9407BC32459}.Release|Any CPU.ActiveCfg = Release|Any CPU
		{D949894E-4A71-4D18-9871-B9407BC32459}.Release|Any CPU.Build.0 = Release|Any CPU
	EndGlobalSection
	GlobalSection(SolutionProperties) = preSolution
		HideSolutionNode = FALSE
	EndGlobalSection
	GlobalSection(ExtensibilityGlobals) = postSolution
		SolutionGuid = {C77034F9-F099-4F66-9D56-3106B279FB1B}
	EndGlobalSection
EndGlobal
